
Microsoft Visual Studio Solution File, Format Version 12.00
# Visual Studio Version 16
VisualStudioVersion = 16.0.30907.101
MinimumVisualStudioVersion = 15.0.26124.0
Project("{9A19103F-16F7-4668-BE54-9A1E7A4F7556}") = "InstagramAPI", "InstagramAPI\InstagramAPI.csproj", "{FA27C2F2-D582-4DFA-B00C-94161C164975}"
EndProject
Project("{9A19103F-16F7-4668-BE54-9A1E7A4F7556}") = "InstagramAPI.ConsoleTest", "InstagramAPI.ConsoleTest\InstagramAPI.ConsoleTest.csproj", "{84DF34CA-A9D7-450F-93B3-0CE24994E119}"
EndProject
Project("{FAE04EC0-301F-11D3-BF4B-00C04F79EFBC}") = "InstagramEmailExtractor", "InstagramEmailExtractor\InstagramEmailExtractor.csproj", "{1B385542-9877-4D70-9BA8-2CF9DFC8C659}"
EndProject
Global
	GlobalSection(SolutionConfigurationPlatforms) = preSolution
		Debug|Any CPU = Debug|Any CPU
		Debug|x64 = Debug|x64
		Debug|x86 = Debug|x86
		Release|Any CPU = Release|Any CPU
		Release|x64 = Release|x64
		Release|x86 = Release|x86
	EndGlobalSection
	GlobalSection(ProjectConfigurationPlatforms) = postSolution
		{FA27C2F2-D582-4DFA-B00C-94161C164975}.Debug|Any CPU.ActiveCfg = Debug|Any CPU
		{FA27C2F2-D582-4DFA-B00C-94161C164975}.Debug|Any CPU.Build.0 = Debug|Any CPU
		{FA27C2F2-D582-4DFA-B00C-94161C164975}.Debug|x64.ActiveCfg = Debug|Any CPU
		{FA27C2F2-D582-4DFA-B00C-94161C164975}.Debug|x64.Build.0 = Debug|Any CPU
		{FA27C2F2-D582-4DFA-B00C-94161C164975}.Debug|x86.ActiveCfg = Debug|Any CPU
		{FA27C2F2-D582-4DFA-B00C-94161C164975}.Debug|x86.Build.0 = Debug|Any CPU
		{FA27C2F2-D582-4DFA-B00C-94161C164975}.Release|Any CPU.ActiveCfg = Release|Any CPU
		{FA27C2F2-D582-4DFA-B00C-94161C164975}.Release|Any CPU.Build.0 = Release|Any CPU
		{FA27C2F2-D582-4DFA-B00C-94161C164975}.Release|x64.ActiveCfg = Release|Any CPU
		{FA27C2F2-D582-4DFA-B00C-94161C164975}.Release|x64.Build.0 = Release|Any CPU
		{FA27C2F2-D582-4DFA-B00C-94161C164975}.Release|x86.ActiveCfg = Release|Any CPU
		{FA27C2F2-D582-4DFA-B00C-94161C164975}.Release|x86.Build.0 = Release|Any CPU
		{84DF34CA-A9D7-450F-93B3-0CE24994E119}.Debug|Any CPU.ActiveCfg = Debug|Any CPU
		{84DF34CA-A9D7-450F-93B3-0CE24994E119}.Debug|Any CPU.Build.0 = Debug|Any CPU
		{84DF34CA-A9D7-450F-93B3-0CE24994E119}.Debug|x64.ActiveCfg = Debug|Any CPU
		{84DF34CA-A9D7-450F-93B3-0CE24994E119}.Debug|x64.Build.0 = Debug|Any CPU
		{84DF34CA-A9D7-450F-93B3-0CE24994E119}.Debug|x86.ActiveCfg = Debug|Any CPU
		{84DF34CA-A9D7-450F-93B3-0CE24994E119}.Debug|x86.Build.0 = Debug|Any CPU
		{84DF34CA-A9D7-450F-93B3-0CE24994E119}.Release|Any CPU.ActiveCfg = Release|Any CPU
		{84DF34CA-A9D7-450F-93B3-0CE24994E119}.Release|Any CPU.Build.0 = Release|Any CPU
		{84DF34CA-A9D7-450F-93B3-0CE24994E119}.Release|x64.ActiveCfg = Release|Any CPU
		{84DF34CA-A9D7-450F-93B3-0CE24994E119}.Release|x64.Build.0 = Release|Any CPU
		{84DF34CA-A9D7-450F-93B3-0CE24994E119}.Release|x86.ActiveCfg = Release|Any CPU
		{84DF34CA-A9D7-450F-93B3-0CE24994E119}.Release|x86.Build.0 = Release|Any CPU
		{1B385542-9877-4D70-9BA8-2CF9DFC8C659}.Debug|Any CPU.ActiveCfg = Debug|Any CPU
		{1B385542-9877-4D70-9BA8-2CF9DFC8C659}.Debug|Any CPU.Build.0 = Debug|Any CPU
		{1B385542-9877-4D70-9BA8-2CF9DFC8C659}.Debug|x64.ActiveCfg = Debug|Any CPU
		{1B385542-9877-4D70-9BA8-2CF9DFC8C659}.Debug|x64.Build.0 = Debug|Any CPU
		{1B385542-9877-4D70-9BA8-2CF9DFC8C659}.Debug|x86.ActiveCfg = Debug|Any CPU
		{1B385542-9877-4D70-9BA8-2CF9DFC8C659}.Debug|x86.Build.0 = Debug|Any CPU
		{1B385542-9877-4D70-9BA8-2CF9DFC8C659}.Release|Any CPU.ActiveCfg = Release|Any CPU
		{1B385542-9877-4D70-9BA8-2CF9DFC8C659}.Release|Any CPU.Build.0 = Release|Any CPU
		{1B385542-9877-4D70-9BA8-2CF9DFC8C659}.Release|x64.ActiveCfg = Release|Any CPU
		{1B385542-9877-4D70-9BA8-2CF9DFC8C659}.Release|x64.Build.0 = Release|Any CPU
		{1B385542-9877-4D70-9BA8-2CF9DFC8C659}.Release|x86.ActiveCfg = Release|Any CPU
		{1B385542-9877-4D70-9BA8-2CF9DFC8C659}.Release|x86.Build.0 = Release|Any CPU
	EndGlobalSection
	GlobalSection(SolutionProperties) = preSolution
		HideSolutionNode = FALSE
	EndGlobalSection
	GlobalSection(ExtensibilityGlobals) = postSolution
		SolutionGuid = {49F368AA-0C3A-473F-850B-3FAAAE5F73B1}
	EndGlobalSection
EndGlobal
